Microsoft Visual Studio Solution File, Format Version 12.00
# Visual Studio 15
VisualStudioVersion = 15.0.26403.3
MinimumVisualStudioVersion = 10.0.40219.1
Project("{FAE04EC0-301F-11D3-BF4B-00C04F79EFBC}") = "Spiffy.Monitoring", "src\Spiffy.Monitoring\Spiffy.Monitoring.csproj", "{2BCC0F7E-02CF-400A-A121-4D15E2E9769F}"
EndProject
Project("{FAE04EC0-301F-11D3-BF4B-00C04F79EFBC}") = "Spiffy.Monitoring.NLog", "src\Spiffy.Monitoring.NLog\Spiffy.Monitoring.NLog.csproj", "{1FE31255-E41A-4A76-B819-FA1E1AA4451F}"
EndProject
Project("{FAE04EC0-301F-11D3-BF4B-00C04F79EFBC}") = "TestConsoleApp", "tests\TestConsoleApp\TestConsoleApp.csproj", "{AEBEC637-B489-47E5-B43A-EFB839B3DD0C}"
EndProject
Project("{FAE04EC0-301F-11D3-BF4B-00C04F79EFBC}") = "UnitTests", "tests\UnitTests\UnitTests.csproj", "{9959DB99-8334-4ED8-B8AB-5950221F9CF0}"
EndProject
Project("{2150E333-8FDC-42A3-9474-1A3956D46DE8}") = "Tests", "Tests", "{2DF31750-1635-4C57-980C-23EA82B2DE53}"
EndProject
Project("{FAE04EC0-301F-11D3-BF4B-00C04F79EFBC}") = "UnitTests.DotNet40", "tests\UnitTests.DotNet40\UnitTests.DotNet40.csproj", "{16D994F4-3CB6-4E48-9ECE-9EED1DFCEE42}"
EndProject
Global
	GlobalSection(SolutionConfigurationPlatforms) = preSolution
		Debug|Any CPU = Debug|Any CPU
		Release|Any CPU = Release|Any CPU
	EndGlobalSection
	GlobalSection(ProjectConfigurationPlatforms) = postSolution
		{2BCC0F7E-02CF-400A-A121-4D15E2E9769F}.Debug|Any CPU.ActiveCfg = Debug|Any CPU
		{2BCC0F7E-02CF-400A-A121-4D15E2E9769F}.Debug|Any CPU.Build.0 = Debug|Any CPU
		{2BCC0F7E-02CF-400A-A121-4D15E2E9769F}.Release|Any CPU.ActiveCfg = Release|Any CPU
		{2BCC0F7E-02CF-400A-A121-4D15E2E9769F}.Release|Any CPU.Build.0 = Release|Any CPU
		{1FE31255-E41A-4A76-B819-FA1E1AA4451F}.Debug|Any CPU.ActiveCfg = Debug|Any CPU
		{1FE31255-E41A-4A76-B819-FA1E1AA4451F}.Debug|Any CPU.Build.0 = Debug|Any CPU
		{1FE31255-E41A-4A76-B819-FA1E1AA4451F}.Release|Any CPU.ActiveCfg = Release|Any CPU
		{1FE31255-E41A-4A76-B819-FA1E1AA4451F}.Release|Any CPU.Build.0 = Release|Any CPU
		{AEBEC637-B489-47E5-B43A-EFB839B3DD0C}.Debug|Any CPU.ActiveCfg = Debug|Any CPU
		{AEBEC637-B489-47E5-B43A-EFB839B3DD0C}.Debug|Any CPU.Build.0 = Debug|Any CPU
		{AEBEC637-B489-47E5-B43A-EFB839B3DD0C}.Release|Any CPU.ActiveCfg = Release|Any CPU
		{AEBEC637-B489-47E5-B43A-EFB839B3DD0C}.Release|Any CPU.Build.0 = Release|Any CPU
		{9959DB99-8334-4ED8-B8AB-5950221F9CF0}.Debug|Any CPU.ActiveCfg = Debug|Any CPU
		{9959DB99-8334-4ED8-B8AB-5950221F9CF0}.Debug|Any CPU.Build.0 = Debug|Any CPU
		{9959DB99-8334-4ED8-B8AB-5950221F9CF0}.Release|Any CPU.ActiveCfg = Release|Any CPU
		{9959DB99-8334-4ED8-B8AB-5950221F9CF0}.Release|Any CPU.Build.0 = Release|Any CPU
		{16D994F4-3CB6-4E48-9ECE-9EED1DFCEE42}.Debug|Any CPU.ActiveCfg = Debug|Any CPU
		{16D994F4-3CB6-4E48-9ECE-9EED1DFCEE42}.Debug|Any CPU.Build.0 = Debug|Any CPU
		{16D994F4-3CB6-4E48-9ECE-9EED1DFCEE42}.Release|Any CPU.ActiveCfg = Release|Any CPU
		{16D994F4-3CB6-4E48-9ECE-9EED1DFCEE42}.Release|Any CPU.Build.0 = Release|Any CPU
	EndGlobalSection
	GlobalSection(SolutionProperties) = preSolution
		HideSolutionNode = FALSE
	EndGlobalSection
	GlobalSection(NestedProjects) = preSolution
		{AEBEC637-B489-47E5-B43A-EFB839B3DD0C} = {2DF31750-1635-4C57-980C-23EA82B2DE53}
		{9959DB99-8334-4ED8-B8AB-5950221F9CF0} = {2DF31750-1635-4C57-980C-23EA82B2DE53}
		{16D994F4-3CB6-4E48-9ECE-9EED1DFCEE42} = {2DF31750-1635-4C57-980C-23EA82B2DE53}
	EndGlobalSection
EndGlobal
